
Microsoft Visual Studio Solution File, Format Version 12.00
# Visual Studio Version 16
VisualStudioVersion = 16.0.31515.178
MinimumVisualStudioVersion = 10.0.40219.1
Project("{FAE04EC0-301F-11D3-BF4B-00C04F79EFBC}") = "Class2", "Class2\Class2.csproj", "{D343F405-C85D-4CBF-A18E-AF44C512EBAD}"
EndProject
Global
	GlobalSection(SolutionConfigurationPlatforms) = preSolution
		Debug|Any CPU = Debug|Any CPU
		Release|Any CPU = Release|Any CPU
	EndGlobalSection
	GlobalSection(ProjectConfigurationPlatforms) = postSolution
		{D343F405-C85D-4CBF-A18E-AF44C512EBAD}.Debug|Any CPU.ActiveCfg = Debug|Any CPU
		{D343F405-C85D-4CBF-A18E-AF44C512EBAD}.Debug|Any CPU.Build.0 = Debug|Any CPU
		{D343F405-C85D-4CBF-A18E-AF44C512EBAD}.Release|Any CPU.ActiveCfg = Release|Any CPU
		{D343F405-C85D-4CBF-A18E-AF44C512EBAD}.Release|Any CPU.Build.0 = Release|Any CPU
	EndGlobalSection
	GlobalSection(SolutionProperties) = preSolution
		HideSolutionNode = FALSE
	EndGlobalSection
	GlobalSection(ExtensibilityGlobals) = postSolution
		SolutionGuid = {ADE037B9-CB28-4EE7-9476-263C8BCFDD58}
	EndGlobalSection
EndGlobal
